
Microsoft Visual Studio Solution File, Format Version 12.00
# Visual Studio Version 17
VisualStudioVersion = 17.7.34009.444
MinimumVisualStudioVersion = 10.0.40219.1
Project("{FAE04EC0-301F-11D3-BF4B-00C04F79EFBC}") = "eSubmission", "eSubmission\eSubmission.csproj", "{1CCAA8B2-1891-456E-A00B-FB0340049761}"
EndProject
Project("{2150E333-8FDC-42A3-9474-1A3956D46DE8}") = "DevExtreme NuGet.config", "DevExtreme NuGet.config", "{143CA5BC-22B4-4C9A-9B38-2BE87AF789E9}"
	ProjectSection(SolutionItems) = preProject
		NuGet.config = NuGet.config
	EndProjectSection
EndProject
Global
	GlobalSection(SolutionConfigurationPlatforms) = preSolution
		Debug|Any CPU = Debug|Any CPU
		Release|Any CPU = Release|Any CPU
	EndGlobalSection
	GlobalSection(ProjectConfigurationPlatforms) = postSolution
		{1CCAA8B2-1891-456E-A00B-FB0340049761}.Debug|Any CPU.ActiveCfg = Debug|Any CPU
		{1CCAA8B2-1891-456E-A00B-FB0340049761}.Debug|Any CPU.Build.0 = Debug|Any CPU
		{1CCAA8B2-1891-456E-A00B-FB0340049761}.Release|Any CPU.ActiveCfg = Release|Any CPU
		{1CCAA8B2-1891-456E-A00B-FB0340049761}.Release|Any CPU.Build.0 = Release|Any CPU
	EndGlobalSection
	GlobalSection(SolutionProperties) = preSolution
		HideSolutionNode = FALSE
	EndGlobalSection
	GlobalSection(ExtensibilityGlobals) = postSolution
		SolutionGuid = {2C64B764-3E5B-4806-8D27-75F85649320F}
	EndGlobalSection
EndGlobal
